
Microsoft Visual Studio Solution File, Format Version 12.00
# Visual Studio Version 16
VisualStudioVersion = 16.0.31205.134
MinimumVisualStudioVersion = 10.0.40219.1
Project("{FAE04EC0-301F-11D3-BF4B-00C04F79EFBC}") = "FP2021", "FP2021\FP2021.csproj", "{9065F8C9-A5D6-47F3-AA33-3423CBA3A032}"
EndProject
Project("{FAE04EC0-301F-11D3-BF4B-00C04F79EFBC}") = "10_06", "10_6\10_06.csproj", "{C8E4C2F5-7209-41B6-ABD6-CFEBBC55B2C6}"
EndProject
Project("{FAE04EC0-301F-11D3-BF4B-00C04F79EFBC}") = "10_13", "10_13\10_13.csproj", "{4B59DA36-2BCD-4AFC-9C75-4A4324895016}"
EndProject
Project("{FAE04EC0-301F-11D3-BF4B-00C04F79EFBC}") = "10_20", "10_20\10_20.csproj", "{69C833AA-8D11-4A93-A342-090F05E836E4}"
EndProject
Project("{FAE04EC0-301F-11D3-BF4B-00C04F79EFBC}") = "Cin", "Cin\Cin.csproj", "{9F8137C6-83B8-4514-A7D2-B0C19252162A}"
EndProject
Project("{FAE04EC0-301F-11D3-BF4B-00C04F79EFBC}") = "10_27", "10_27\10_27.csproj", "{8A7682E6-ADE6-4706-A9F0-BC04D8022C5E}"
EndProject
Project("{FAE04EC0-301F-11D3-BF4B-00C04F79EFBC}") = "11_03", "11_03\11_03.csproj", "{D35BD6B6-3D95-4582-8352-855F308FF930}"
EndProject
Project("{FAE04EC0-301F-11D3-BF4B-00C04F79EFBC}") = "11_03Tests", "11_03Tests\11_03Tests.csproj", "{BDA9F0C0-6278-41C7-8FAA-B0DFDB63E27A}"
EndProject
Project("{FAE04EC0-301F-11D3-BF4B-00C04F79EFBC}") = "11_10", "11_10\11_10.csproj", "{5E306DA8-9484-4683-BE66-21ADA3C11187}"
EndProject
Project("{FAE04EC0-301F-11D3-BF4B-00C04F79EFBC}") = "11_24", "11_24\11_24.csproj", "{B2814685-D38F-41A6-89DA-404B79FCB43D}"
EndProject
Project("{FAE04EC0-301F-11D3-BF4B-00C04F79EFBC}") = "12_08", "12_08\12_08.csproj", "{224CC5C2-F1CF-4720-A960-D1450D03F934}"
EndProject
Project("{FAE04EC0-301F-11D3-BF4B-00C04F79EFBC}") = "12_15", "12_15\12_15.csproj", "{06271FA1-ED37-4279-B0C6-E00544B2726A}"
EndProject
Project("{FAE04EC0-301F-11D3-BF4B-00C04F79EFBC}") = "12_22", "12_22\12_22.csproj", "{2EDCAA8A-7A0C-43A9-B803-B331476D082E}"
EndProject
Project("{FAE04EC0-301F-11D3-BF4B-00C04F79EFBC}") = "01_12", "01_12\01_12.csproj", "{9B0816EB-770C-4FA5-93CE-14F105E523C8}"
EndProject
Global
	GlobalSection(SolutionConfigurationPlatforms) = preSolution
		Debug|Any CPU = Debug|Any CPU
		Release|Any CPU = Release|Any CPU
	EndGlobalSection
	GlobalSection(ProjectConfigurationPlatforms) = postSolution
		{9065F8C9-A5D6-47F3-AA33-3423CBA3A032}.Debug|Any CPU.ActiveCfg = Debug|Any CPU
		{9065F8C9-A5D6-47F3-AA33-3423CBA3A032}.Debug|Any CPU.Build.0 = Debug|Any CPU
		{9065F8C9-A5D6-47F3-AA33-3423CBA3A032}.Release|Any CPU.ActiveCfg = Release|Any CPU
		{9065F8C9-A5D6-47F3-AA33-3423CBA3A032}.Release|Any CPU.Build.0 = Release|Any CPU
		{C8E4C2F5-7209-41B6-ABD6-CFEBBC55B2C6}.Debug|Any CPU.ActiveCfg = Debug|Any CPU
		{C8E4C2F5-7209-41B6-ABD6-CFEBBC55B2C6}.Debug|Any CPU.Build.0 = Debug|Any CPU
		{C8E4C2F5-7209-41B6-ABD6-CFEBBC55B2C6}.Release|Any CPU.ActiveCfg = Release|Any CPU
		{C8E4C2F5-7209-41B6-ABD6-CFEBBC55B2C6}.Release|Any CPU.Build.0 = Release|Any CPU
		{4B59DA36-2BCD-4AFC-9C75-4A4324895016}.Debug|Any CPU.ActiveCfg = Debug|Any CPU
		{4B59DA36-2BCD-4AFC-9C75-4A4324895016}.Debug|Any CPU.Build.0 = Debug|Any CPU
		{4B59DA36-2BCD-4AFC-9C75-4A4324895016}.Release|Any CPU.ActiveCfg = Release|Any CPU
		{4B59DA36-2BCD-4AFC-9C75-4A4324895016}.Release|Any CPU.Build.0 = Release|Any CPU
		{69C833AA-8D11-4A93-A342-090F05E836E4}.Debug|Any CPU.ActiveCfg = Debug|Any CPU
		{69C833AA-8D11-4A93-A342-090F05E836E4}.Debug|Any CPU.Build.0 = Debug|Any CPU
		{69C833AA-8D11-4A93-A342-090F05E836E4}.Release|Any CPU.ActiveCfg = Release|Any CPU
		{69C833AA-8D11-4A93-A342-090F05E836E4}.Release|Any CPU.Build.0 = Release|Any CPU
		{9F8137C6-83B8-4514-A7D2-B0C19252162A}.Debug|Any CPU.ActiveCfg = Debug|Any CPU
		{9F8137C6-83B8-4514-A7D2-B0C19252162A}.Debug|Any CPU.Build.0 = Debug|Any CPU
		{9F8137C6-83B8-4514-A7D2-B0C19252162A}.Release|Any CPU.ActiveCfg = Release|Any CPU
		{9F8137C6-83B8-4514-A7D2-B0C19252162A}.Release|Any CPU.Build.0 = Release|Any CPU
		{8A7682E6-ADE6-4706-A9F0-BC04D8022C5E}.Debug|Any CPU.ActiveCfg = Debug|Any CPU
		{8A7682E6-ADE6-4706-A9F0-BC04D8022C5E}.Debug|Any CPU.Build.0 = Debug|Any CPU
		{8A7682E6-ADE6-4706-A9F0-BC04D8022C5E}.Release|Any CPU.ActiveCfg = Release|Any CPU
		{8A7682E6-ADE6-4706-A9F0-BC04D8022C5E}.Release|Any CPU.Build.0 = Release|Any CPU
		{D35BD6B6-3D95-4582-8352-855F308FF930}.Debug|Any CPU.ActiveCfg = Debug|Any CPU
		{D35BD6B6-3D95-4582-8352-855F308FF930}.Debug|Any CPU.Build.0 = Debug|Any CPU
		{D35BD6B6-3D95-4582-8352-855F308FF930}.Release|Any CPU.ActiveCfg = Release|Any CPU
		{D35BD6B6-3D95-4582-8352-855F308FF930}.Release|Any CPU.Build.0 = Release|Any CPU
		{BDA9F0C0-6278-41C7-8FAA-B0DFDB63E27A}.Debug|Any CPU.ActiveCfg = Debug|Any CPU
		{BDA9F0C0-6278-41C7-8FAA-B0DFDB63E27A}.Debug|Any CPU.Build.0 = Debug|Any CPU
		{BDA9F0C0-6278-41C7-8FAA-B0DFDB63E27A}.Release|Any CPU.ActiveCfg = Release|Any CPU
		{BDA9F0C0-6278-41C7-8FAA-B0DFDB63E27A}.Release|Any CPU.Build.0 = Release|Any CPU
		{5E306DA8-9484-4683-BE66-21ADA3C11187}.Debug|Any CPU.ActiveCfg = Debug|Any CPU
		{5E306DA8-9484-4683-BE66-21ADA3C11187}.Debug|Any CPU.Build.0 = Debug|Any CPU
		{5E306DA8-9484-4683-BE66-21ADA3C11187}.Release|Any CPU.ActiveCfg = Release|Any CPU
		{5E306DA8-9484-4683-BE66-21ADA3C11187}.Release|Any CPU.Build.0 = Release|Any CPU
		{B2814685-D38F-41A6-89DA-404B79FCB43D}.Debug|Any CPU.ActiveCfg = Debug|Any CPU
		{B2814685-D38F-41A6-89DA-404B79FCB43D}.Debug|Any CPU.Build.0 = Debug|Any CPU
		{B2814685-D38F-41A6-89DA-404B79FCB43D}.Release|Any CPU.ActiveCfg = Release|Any CPU
		{B2814685-D38F-41A6-89DA-404B79FCB43D}.Release|Any CPU.Build.0 = Release|Any CPU
		{224CC5C2-F1CF-4720-A960-D1450D03F934}.Debug|Any CPU.ActiveCfg = Debug|Any CPU
		{224CC5C2-F1CF-4720-A960-D1450D03F934}.Debug|Any CPU.Build.0 = Debug|Any CPU
		{224CC5C2-F1CF-4720-A960-D1450D03F934}.Release|Any CPU.ActiveCfg = Release|Any CPU
		{224CC5C2-F1CF-4720-A960-D1450D03F934}.Release|Any CPU.Build.0 = Release|Any CPU
		{06271FA1-ED37-4279-B0C6-E00544B2726A}.Debug|Any CPU.ActiveCfg = Debug|Any CPU
		{06271FA1-ED37-4279-B0C6-E00544B2726A}.Debug|Any CPU.Build.0 = Debug|Any CPU
		{06271FA1-ED37-4279-B0C6-E00544B2726A}.Release|Any CPU.ActiveCfg = Release|Any CPU
		{06271FA1-ED37-4279-B0C6-E00544B2726A}.Release|Any CPU.Build.0 = Release|Any CPU
		{2EDCAA8A-7A0C-43A9-B803-B331476D082E}.Debug|Any CPU.ActiveCfg = Debug|Any CPU
		{2EDCAA8A-7A0C-43A9-B803-B331476D082E}.Debug|Any CPU.Build.0 = Debug|Any CPU
		{2EDCAA8A-7A0C-43A9-B803-B331476D082E}.Release|Any CPU.ActiveCfg = Release|Any CPU
		{2EDCAA8A-7A0C-43A9-B803-B331476D082E}.Release|Any CPU.Build.0 = Release|Any CPU
		{9B0816EB-770C-4FA5-93CE-14F105E523C8}.Debug|Any CPU.ActiveCfg = Debug|Any CPU
		{9B0816EB-770C-4FA5-93CE-14F105E523C8}.Debug|Any CPU.Build.0 = Debug|Any CPU
		{9B0816EB-770C-4FA5-93CE-14F105E523C8}.Release|Any CPU.ActiveCfg = Release|Any CPU
		{9B0816EB-770C-4FA5-93CE-14F105E523C8}.Release|Any CPU.Build.0 = Release|Any CPU
	EndGlobalSection
	GlobalSection(SolutionProperties) = preSolution
		HideSolutionNode = FALSE
	EndGlobalSection
	GlobalSection(ExtensibilityGlobals) = postSolution
		SolutionGuid = {C51E43BE-6173-44F0-BF68-9E28AAC0A3CC}
	EndGlobalSection
EndGlobal
